Microsoft Visual Studio Solution File, Format Version 9.00
# Visual Studio 2005
Project("{8BC9CEB8-8B4A-11D0-8D11-00A0C91BC942}") = "glibmm-2.4", "glibmm\glibmm.vcproj", "{58B2B53C-C4FF-47FD-817B-095E45B7F7D4}"
	ProjectSection(ProjectDependencies) = postProject
		{07324745-C9BE-4D65-B08A-9C88188C0C28} = {07324745-C9BE-4D65-B08A-9C88188C0C28}
	EndProjectSection
EndProject
Project("{8BC9CEB8-8B4A-11D0-8D11-00A0C91BC942}") = "gendef", "gendef\gendef.vcproj", "{07324745-C9BE-4D65-B08A-9C88188C0C28}"
EndProject
Project("{8BC9CEB8-8B4A-11D0-8D11-00A0C91BC942}") = "examples_markup", "examples\markup\markup.vcproj", "{6300FCFA-97F1-4967-802E-E354D95DB0EB}"
	ProjectSection(ProjectDependencies) = postProject
		{58B2B53C-C4FF-47FD-817B-095E45B7F7D4} = {58B2B53C-C4FF-47FD-817B-095E45B7F7D4}
	EndProjectSection
EndProject
Project("{8BC9CEB8-8B4A-11D0-8D11-00A0C91BC942}") = "tests_glibmm_value", "tests\glibmm_value\glibmm_value.vcproj", "{22277003-3228-486E-A6A8-994B8B13AF30}"
	ProjectSection(ProjectDependencies) = postProject
		{58B2B53C-C4FF-47FD-817B-095E45B7F7D4} = {58B2B53C-C4FF-47FD-817B-095E45B7F7D4}
	EndProjectSection
EndProject
Project("{8BC9CEB8-8B4A-11D0-8D11-00A0C91BC942}") = "examples_thread", "examples\thread\thread.vcproj", "{5357AB2B-A5F9-463C-92D8-00357CCC3ECE}"
	ProjectSection(ProjectDependencies) = postProject
		{58B2B53C-C4FF-47FD-817B-095E45B7F7D4} = {58B2B53C-C4FF-47FD-817B-095E45B7F7D4}
	EndProjectSection
EndProject
Project("{8BC9CEB8-8B4A-11D0-8D11-00A0C91BC942}") = "examples_thread_pool", "examples\thread_pool\thread_pool.vcproj", "{962484DB-2111-48A4-BEF0-194433719D0D}"
	ProjectSection(ProjectDependencies) = postProject
		{58B2B53C-C4FF-47FD-817B-095E45B7F7D4} = {58B2B53C-C4FF-47FD-817B-095E45B7F7D4}
	EndProjectSection
EndProject
Project("{8BC9CEB8-8B4A-11D0-8D11-00A0C91BC942}") = "examples_dispatcher", "examples\dispatcher\dispatcher.vcproj", "{129ECC08-6D30-4884-B824-4AF96EF0A45C}"
	ProjectSection(ProjectDependencies) = postProject
		{58B2B53C-C4FF-47FD-817B-095E45B7F7D4} = {58B2B53C-C4FF-47FD-817B-095E45B7F7D4}
	EndProjectSection
EndProject
Project("{8BC9CEB8-8B4A-11D0-8D11-00A0C91BC942}") = "examples_dispatcher2", "examples\dispatcher2\dispatcher2.vcproj", "{18A82706-B645-4DF5-AB09-06B90128BAC5}"
	ProjectSection(ProjectDependencies) = postProject
		{58B2B53C-C4FF-47FD-817B-095E45B7F7D4} = {58B2B53C-C4FF-47FD-817B-095E45B7F7D4}
	EndProjectSection
EndProject
Project("{8BC9CEB8-8B4A-11D0-8D11-00A0C91BC942}") = "examples_options", "examples\options\options.vcproj", "{46962B9A-C5E9-4863-9408-97514D63F420}"
	ProjectSection(ProjectDependencies) = postProject
		{58B2B53C-C4FF-47FD-817B-095E45B7F7D4} = {58B2B53C-C4FF-47FD-817B-095E45B7F7D4}
	EndProjectSection
EndProject
Project("{8BC9CEB8-8B4A-11D0-8D11-00A0C91BC942}") = "giomm-2.4", "giomm\giomm.vcproj", "{EE6C0430-C2C9-425C-8EBA-963FAC3E9832}"
	ProjectSection(ProjectDependencies) = postProject
		{58B2B53C-C4FF-47FD-817B-095E45B7F7D4} = {58B2B53C-C4FF-47FD-817B-095E45B7F7D4}
	EndProjectSection
EndProject
Project("{8BC9CEB8-8B4A-11D0-8D11-00A0C91BC942}") = "tests_giomm_simple", "tests\giomm_simple\giomm_simple.vcproj", "{F4F66980-51D4-4CC2-A529-9AD2C9F7D143}"
	ProjectSection(ProjectDependencies) = postProject
		{58B2B53C-C4FF-47FD-817B-095E45B7F7D4} = {58B2B53C-C4FF-47FD-817B-095E45B7F7D4}
		{EE6C0430-C2C9-425C-8EBA-963FAC3E9832} = {EE6C0430-C2C9-425C-8EBA-963FAC3E9832}
	EndProjectSection
EndProject
Project("{8BC9CEB8-8B4A-11D0-8D11-00A0C91BC942}") = "examples_keyfile", "examples\keyfile\keyfile.vcproj", "{FA6C9A26-5192-4C19-9527-64DF5C31E2DA}"
	ProjectSection(ProjectDependencies) = postProject
		{58B2B53C-C4FF-47FD-817B-095E45B7F7D4} = {58B2B53C-C4FF-47FD-817B-095E45B7F7D4}
	EndProjectSection
EndProject
Project("{8BC9CEB8-8B4A-11D0-8D11-00A0C91BC942}") = "examples_properties", "examples\properties\properties.vcproj", "{F3CC33A1-C933-4AF2-A05C-4ECE8E41F691}"
	ProjectSection(ProjectDependencies) = postProject
		{58B2B53C-C4FF-47FD-817B-095E45B7F7D4} = {58B2B53C-C4FF-47FD-817B-095E45B7F7D4}
	EndProjectSection
EndProject
Project("{8BC9CEB8-8B4A-11D0-8D11-00A0C91BC942}") = "examples_regex", "examples\regex\regex.vcproj", "{9C375338-4B27-452F-A3C5-4122D06E6AE3}"
	ProjectSection(ProjectDependencies) = postProject
		{58B2B53C-C4FF-47FD-817B-095E45B7F7D4} = {58B2B53C-C4FF-47FD-817B-095E45B7F7D4}
	EndProjectSection
EndProject
Project("{8BC9CEB8-8B4A-11D0-8D11-00A0C91BC942}") = "examples_resolver", "examples\resolver\resolver.vcproj", "{376102F2-3124-4982-9001-E34E521B544D}"
	ProjectSection(ProjectDependencies) = postProject
		{58B2B53C-C4FF-47FD-817B-095E45B7F7D4} = {58B2B53C-C4FF-47FD-817B-095E45B7F7D4}
		{EE6C0430-C2C9-425C-8EBA-963FAC3E9832} = {EE6C0430-C2C9-425C-8EBA-963FAC3E9832}
	EndProjectSection
EndProject
Project("{8BC9CEB8-8B4A-11D0-8D11-00A0C91BC942}") = "examples_socket-client", "examples\socket-client\socket-client.vcproj", "{6E9F9F84-D02D-4E1F-A4D4-85AC26847120}"
	ProjectSection(ProjectDependencies) = postProject
		{58B2B53C-C4FF-47FD-817B-095E45B7F7D4} = {58B2B53C-C4FF-47FD-817B-095E45B7F7D4}
		{EE6C0430-C2C9-425C-8EBA-963FAC3E9832} = {EE6C0430-C2C9-425C-8EBA-963FAC3E9832}
	EndProjectSection
EndProject
Project("{8BC9CEB8-8B4A-11D0-8D11-00A0C91BC942}") = "examples_socket-server", "examples\socket-server\socket-server.vcproj", "{9020BBA8-96E3-4587-9107-20BCF3DF5F1F}"
	ProjectSection(ProjectDependencies) = postProject
		{58B2B53C-C4FF-47FD-817B-095E45B7F7D4} = {58B2B53C-C4FF-47FD-817B-095E45B7F7D4}
		{EE6C0430-C2C9-425C-8EBA-963FAC3E9832} = {EE6C0430-C2C9-425C-8EBA-963FAC3E9832}
	EndProjectSection
EndProject
Project("{8BC9CEB8-8B4A-11D0-8D11-00A0C91BC942}") = "examples_compose", "examples\compose\compose.vcproj", "{D6B492E4-591E-405C-8E49-E14B33B2F696}"
	ProjectSection(ProjectDependencies) = postProject
		{58B2B53C-C4FF-47FD-817B-095E45B7F7D4} = {58B2B53C-C4FF-47FD-817B-095E45B7F7D4}
	EndProjectSection
EndProject
Global
	GlobalSection(SolutionConfigurationPlatforms) = preSolution
		Debug|Win32 = Debug|Win32
		Debug|x64 = Debug|x64
		Release|Win32 = Release|Win32
		Release|x64 = Release|x64
	EndGlobalSection
	GlobalSection(ProjectConfigurationPlatforms) = postSolution
		{58B2B53C-C4FF-47FD-817B-095E45B7F7D4}.Debug|Win32.ActiveCfg = Debug|Win32
		{58B2B53C-C4FF-47FD-817B-095E45B7F7D4}.Debug|Win32.Build.0 = Debug|Win32
		{58B2B53C-C4FF-47FD-817B-095E45B7F7D4}.Debug|x64.ActiveCfg = Debug|x64
		{58B2B53C-C4FF-47FD-817B-095E45B7F7D4}.Debug|x64.Build.0 = Debug|x64
		{58B2B53C-C4FF-47FD-817B-095E45B7F7D4}.Release|Win32.ActiveCfg = Release|Win32
		{58B2B53C-C4FF-47FD-817B-095E45B7F7D4}.Release|Win32.Build.0 = Release|Win32
		{58B2B53C-C4FF-47FD-817B-095E45B7F7D4}.Release|x64.ActiveCfg = Release|x64
		{58B2B53C-C4FF-47FD-817B-095E45B7F7D4}.Release|x64.Build.0 = Release|x64
		{07324745-C9BE-4D65-B08A-9C88188C0C28}.Debug|Win32.ActiveCfg = Debug|Win32
		{07324745-C9BE-4D65-B08A-9C88188C0C28}.Debug|Win32.Build.0 = Debug|Win32
		{07324745-C9BE-4D65-B08A-9C88188C0C28}.Debug|x64.ActiveCfg = Debug|x64
		{07324745-C9BE-4D65-B08A-9C88188C0C28}.Debug|x64.Build.0 = Debug|x64
		{07324745-C9BE-4D65-B08A-9C88188C0C28}.Release|Win32.ActiveCfg = Release|Win32
		{07324745-C9BE-4D65-B08A-9C88188C0C28}.Release|Win32.Build.0 = Release|Win32
		{07324745-C9BE-4D65-B08A-9C88188C0C28}.Release|x64.ActiveCfg = Release|x64
		{07324745-C9BE-4D65-B08A-9C88188C0C28}.Release|x64.Build.0 = Release|x64
		{6300FCFA-97F1-4967-802E-E354D95DB0EB}.Debug|Win32.ActiveCfg = Debug|Win32
		{6300FCFA-97F1-4967-802E-E354D95DB0EB}.Debug|Win32.Build.0 = Debug|Win32
		{6300FCFA-97F1-4967-802E-E354D95DB0EB}.Debug|x64.ActiveCfg = Debug|x64
		{6300FCFA-97F1-4967-802E-E354D95DB0EB}.Debug|x64.Build.0 = Debug|x64
		{6300FCFA-97F1-4967-802E-E354D95DB0EB}.Release|Win32.ActiveCfg = Release|Win32
		{6300FCFA-97F1-4967-802E-E354D95DB0EB}.Release|Win32.Build.0 = Release|Win32
		{6300FCFA-97F1-4967-802E-E354D95DB0EB}.Release|x64.ActiveCfg = Release|x64
		{6300FCFA-97F1-4967-802E-E354D95DB0EB}.Release|x64.Build.0 = Release|x64
		{22277003-3228-486E-A6A8-994B8B13AF30}.Debug|Win32.ActiveCfg = Debug|Win32
		{22277003-3228-486E-A6A8-994B8B13AF30}.Debug|Win32.Build.0 = Debug|Win32
		{22277003-3228-486E-A6A8-994B8B13AF30}.Debug|x64.ActiveCfg = Debug|x64
		{22277003-3228-486E-A6A8-994B8B13AF30}.Debug|x64.Build.0 = Debug|x64
		{22277003-3228-486E-A6A8-994B8B13AF30}.Release|Win32.ActiveCfg = Release|Win32
		{22277003-3228-486E-A6A8-994B8B13AF30}.Release|Win32.Build.0 = Release|Win32
		{22277003-3228-486E-A6A8-994B8B13AF30}.Release|x64.ActiveCfg = Release|x64
		{22277003-3228-486E-A6A8-994B8B13AF30}.Release|x64.Build.0 = Release|x64
		{5357AB2B-A5F9-463C-92D8-00357CCC3ECE}.Debug|Win32.ActiveCfg = Debug|Win32
		{5357AB2B-A5F9-463C-92D8-00357CCC3ECE}.Debug|Win32.Build.0 = Debug|Win32
		{5357AB2B-A5F9-463C-92D8-00357CCC3ECE}.Debug|x64.ActiveCfg = Debug|x64
		{5357AB2B-A5F9-463C-92D8-00357CCC3ECE}.Debug|x64.Build.0 = Debug|x64
		{5357AB2B-A5F9-463C-92D8-00357CCC3ECE}.Release|Win32.ActiveCfg = Release|Win32
		{5357AB2B-A5F9-463C-92D8-00357CCC3ECE}.Release|Win32.Build.0 = Release|Win32
		{5357AB2B-A5F9-463C-92D8-00357CCC3ECE}.Release|x64.ActiveCfg = Release|x64
		{5357AB2B-A5F9-463C-92D8-00357CCC3ECE}.Release|x64.Build.0 = Release|x64
		{962484DB-2111-48A4-BEF0-194433719D0D}.Debug|Win32.ActiveCfg = Debug|Win32
		{962484DB-2111-48A4-BEF0-194433719D0D}.Debug|Win32.Build.0 = Debug|Win32
		{962484DB-2111-48A4-BEF0-194433719D0D}.Debug|x64.ActiveCfg = Debug|x64
		{962484DB-2111-48A4-BEF0-194433719D0D}.Debug|x64.Build.0 = Debug|x64
		{962484DB-2111-48A4-BEF0-194433719D0D}.Release|Win32.ActiveCfg = Release|Win32
		{962484DB-2111-48A4-BEF0-194433719D0D}.Release|Win32.Build.0 = Release|Win32
		{962484DB-2111-48A4-BEF0-194433719D0D}.Release|x64.ActiveCfg = Release|x64
		{962484DB-2111-48A4-BEF0-194433719D0D}.Release|x64.Build.0 = Release|x64
		{129ECC08-6D30-4884-B824-4AF96EF0A45C}.Debug|Win32.ActiveCfg = Debug|Win32
		{129ECC08-6D30-4884-B824-4AF96EF0A45C}.Debug|Win32.Build.0 = Debug|Win32
		{129ECC08-6D30-4884-B824-4AF96EF0A45C}.Debug|x64.ActiveCfg = Debug|x64
		{129ECC08-6D30-4884-B824-4AF96EF0A45C}.Debug|x64.Build.0 = Debug|x64
		{129ECC08-6D30-4884-B824-4AF96EF0A45C}.Release|Win32.ActiveCfg = Release|Win32
		{129ECC08-6D30-4884-B824-4AF96EF0A45C}.Release|Win32.Build.0 = Release|Win32
		{129ECC08-6D30-4884-B824-4AF96EF0A45C}.Release|x64.ActiveCfg = Release|x64
		{129ECC08-6D30-4884-B824-4AF96EF0A45C}.Release|x64.Build.0 = Release|x64
		{18A82706-B645-4DF5-AB09-06B90128BAC5}.Debug|Win32.ActiveCfg = Debug|Win32
		{18A82706-B645-4DF5-AB09-06B90128BAC5}.Debug|Win32.Build.0 = Debug|Win32
		{18A82706-B645-4DF5-AB09-06B90128BAC5}.Debug|x64.ActiveCfg = Debug|x64
		{18A82706-B645-4DF5-AB09-06B90128BAC5}.Debug|x64.Build.0 = Debug|x64
		{18A82706-B645-4DF5-AB09-06B90128BAC5}.Release|Win32.ActiveCfg = Release|Win32
		{18A82706-B645-4DF5-AB09-06B90128BAC5}.Release|Win32.Build.0 = Release|Win32
		{18A82706-B645-4DF5-AB09-06B90128BAC5}.Release|x64.ActiveCfg = Release|x64
		{18A82706-B645-4DF5-AB09-06B90128BAC5}.Release|x64.Build.0 = Release|x64
		{46962B9A-C5E9-4863-9408-97514D63F420}.Debug|Win32.ActiveCfg = Debug|Win32
		{46962B9A-C5E9-4863-9408-97514D63F420}.Debug|Win32.Build.0 = Debug|Win32
		{46962B9A-C5E9-4863-9408-97514D63F420}.Debug|x64.ActiveCfg = Debug|x64
		{46962B9A-C5E9-4863-9408-97514D63F420}.Debug|x64.Build.0 = Debug|x64
		{46962B9A-C5E9-4863-9408-97514D63F420}.Release|Win32.ActiveCfg = Release|Win32
		{46962B9A-C5E9-4863-9408-97514D63F420}.Release|Win32.Build.0 = Release|Win32
		{46962B9A-C5E9-4863-9408-97514D63F420}.Release|x64.ActiveCfg = Release|x64
		{46962B9A-C5E9-4863-9408-97514D63F420}.Release|x64.Build.0 = Release|x64
		{EE6C0430-C2C9-425C-8EBA-963FAC3E9832}.Debug|Win32.ActiveCfg = Debug|Win32
		{EE6C0430-C2C9-425C-8EBA-963FAC3E9832}.Debug|Win32.Build.0 = Debug|Win32
		{EE6C0430-C2C9-425C-8EBA-963FAC3E9832}.Debug|x64.ActiveCfg = Debug|x64
		{EE6C0430-C2C9-425C-8EBA-963FAC3E9832}.Debug|x64.Build.0 = Debug|x64
		{EE6C0430-C2C9-425C-8EBA-963FAC3E9832}.Release|Win32.ActiveCfg = Release|Win32
		{EE6C0430-C2C9-425C-8EBA-963FAC3E9832}.Release|Win32.Build.0 = Release|Win32
		{EE6C0430-C2C9-425C-8EBA-963FAC3E9832}.Release|x64.ActiveCfg = Release|x64
		{EE6C0430-C2C9-425C-8EBA-963FAC3E9832}.Release|x64.Build.0 = Release|x64
		{F4F66980-51D4-4CC2-A529-9AD2C9F7D143}.Debug|Win32.ActiveCfg = Debug|Win32
		{F4F66980-51D4-4CC2-A529-9AD2C9F7D143}.Debug|Win32.Build.0 = Debug|Win32
		{F4F66980-51D4-4CC2-A529-9AD2C9F7D143}.Debug|x64.ActiveCfg = Debug|x64
		{F4F66980-51D4-4CC2-A529-9AD2C9F7D143}.Debug|x64.Build.0 = Debug|x64
		{F4F66980-51D4-4CC2-A529-9AD2C9F7D143}.Release|Win32.ActiveCfg = Release|Win32
		{F4F66980-51D4-4CC2-A529-9AD2C9F7D143}.Release|Win32.Build.0 = Release|Win32
		{F4F66980-51D4-4CC2-A529-9AD2C9F7D143}.Release|x64.ActiveCfg = Release|x64
		{F4F66980-51D4-4CC2-A529-9AD2C9F7D143}.Release|x64.Build.0 = Release|x64
		{FA6C9A26-5192-4C19-9527-64DF5C31E2DA}.Debug|Win32.ActiveCfg = Debug|Win32
		{FA6C9A26-5192-4C19-9527-64DF5C31E2DA}.Debug|Win32.Build.0 = Debug|Win32
		{FA6C9A26-5192-4C19-9527-64DF5C31E2DA}.Debug|x64.ActiveCfg = Debug|x64
		{FA6C9A26-5192-4C19-9527-64DF5C31E2DA}.Debug|x64.Build.0 = Debug|x64
		{FA6C9A26-5192-4C19-9527-64DF5C31E2DA}.Release|Win32.ActiveCfg = Release|Win32
		{FA6C9A26-5192-4C19-9527-64DF5C31E2DA}.Release|Win32.Build.0 = Release|Win32
		{FA6C9A26-5192-4C19-9527-64DF5C31E2DA}.Release|x64.ActiveCfg = Release|x64
		{FA6C9A26-5192-4C19-9527-64DF5C31E2DA}.Release|x64.Build.0 = Release|x64
		{F3CC33A1-C933-4AF2-A05C-4ECE8E41F691}.Debug|Win32.ActiveCfg = Debug|Win32
		{F3CC33A1-C933-4AF2-A05C-4ECE8E41F691}.Debug|Win32.Build.0 = Debug|Win32
		{F3CC33A1-C933-4AF2-A05C-4ECE8E41F691}.Debug|x64.ActiveCfg = Debug|x64
		{F3CC33A1-C933-4AF2-A05C-4ECE8E41F691}.Debug|x64.Build.0 = Debug|x64
		{F3CC33A1-C933-4AF2-A05C-4ECE8E41F691}.Release|Win32.ActiveCfg = Release|Win32
		{F3CC33A1-C933-4AF2-A05C-4ECE8E41F691}.Release|Win32.Build.0 = Release|Win32
		{F3CC33A1-C933-4AF2-A05C-4ECE8E41F691}.Release|x64.ActiveCfg = Release|x64
		{F3CC33A1-C933-4AF2-A05C-4ECE8E41F691}.Release|x64.Build.0 = Release|x64
		{9C375338-4B27-452F-A3C5-4122D06E6AE3}.Debug|Win32.ActiveCfg = Debug|Win32
		{9C375338-4B27-452F-A3C5-4122D06E6AE3}.Debug|Win32.Build.0 = Debug|Win32
		{9C375338-4B27-452F-A3C5-4122D06E6AE3}.Debug|x64.ActiveCfg = Debug|x64
		{9C375338-4B27-452F-A3C5-4122D06E6AE3}.Debug|x64.Build.0 = Debug|x64
		{9C375338-4B27-452F-A3C5-4122D06E6AE3}.Release|Win32.ActiveCfg = Release|Win32
		{9C375338-4B27-452F-A3C5-4122D06E6AE3}.Release|Win32.Build.0 = Release|Win32
		{9C375338-4B27-452F-A3C5-4122D06E6AE3}.Release|x64.ActiveCfg = Release|x64
		{9C375338-4B27-452F-A3C5-4122D06E6AE3}.Release|x64.Build.0 = Release|x64
		{376102F2-3124-4982-9001-E34E521B544D}.Debug|Win32.ActiveCfg = Debug|Win32
		{376102F2-3124-4982-9001-E34E521B544D}.Debug|Win32.Build.0 = Debug|Win32
		{376102F2-3124-4982-9001-E34E521B544D}.Debug|x64.ActiveCfg = Debug|x64
		{376102F2-3124-4982-9001-E34E521B544D}.Debug|x64.Build.0 = Debug|x64
		{376102F2-3124-4982-9001-E34E521B544D}.Release|Win32.ActiveCfg = Release|Win32
		{376102F2-3124-4982-9001-E34E521B544D}.Release|Win32.Build.0 = Release|Win32
		{376102F2-3124-4982-9001-E34E521B544D}.Release|x64.ActiveCfg = Release|x64
		{376102F2-3124-4982-9001-E34E521B544D}.Release|x64.Build.0 = Release|x64
		{6E9F9F84-D02D-4E1F-A4D4-85AC26847120}.Debug|Win32.ActiveCfg = Debug|Win32
		{6E9F9F84-D02D-4E1F-A4D4-85AC26847120}.Debug|Win32.Build.0 = Debug|Win32
		{6E9F9F84-D02D-4E1F-A4D4-85AC26847120}.Debug|x64.ActiveCfg = Debug|x64
		{6E9F9F84-D02D-4E1F-A4D4-85AC26847120}.Debug|x64.Build.0 = Debug|x64
		{6E9F9F84-D02D-4E1F-A4D4-85AC26847120}.Release|Win32.ActiveCfg = Release|Win32
		{6E9F9F84-D02D-4E1F-A4D4-85AC26847120}.Release|Win32.Build.0 = Release|Win32
		{6E9F9F84-D02D-4E1F-A4D4-85AC26847120}.Release|x64.ActiveCfg = Release|x64
		{6E9F9F84-D02D-4E1F-A4D4-85AC26847120}.Release|x64.Build.0 = Release|x64
		{9020BBA8-96E3-4587-9107-20BCF3DF5F1F}.Debug|Win32.ActiveCfg = Debug|Win32
		{9020BBA8-96E3-4587-9107-20BCF3DF5F1F}.Debug|Win32.Build.0 = Debug|Win32
		{9020BBA8-96E3-4587-9107-20BCF3DF5F1F}.Debug|x64.ActiveCfg = Debug|x64
		{9020BBA8-96E3-4587-9107-20BCF3DF5F1F}.Debug|x64.Build.0 = Debug|x64
		{9020BBA8-96E3-4587-9107-20BCF3DF5F1F}.Release|Win32.ActiveCfg = Release|Win32
		{9020BBA8-96E3-4587-9107-20BCF3DF5F1F}.Release|Win32.Build.0 = Release|Win32
		{9020BBA8-96E3-4587-9107-20BCF3DF5F1F}.Release|x64.ActiveCfg = Release|x64
		{9020BBA8-96E3-4587-9107-20BCF3DF5F1F}.Release|x64.Build.0 = Release|x64
		{D6B492E4-591E-405C-8E49-E14B33B2F696}.Debug|Win32.ActiveCfg = Debug|Win32
		{D6B492E4-591E-405C-8E49-E14B33B2F696}.Debug|Win32.Build.0 = Debug|Win32
		{D6B492E4-591E-405C-8E49-E14B33B2F696}.Debug|x64.ActiveCfg = Debug|x64
		{D6B492E4-591E-405C-8E49-E14B33B2F696}.Debug|x64.Build.0 = Debug|x64
		{D6B492E4-591E-405C-8E49-E14B33B2F696}.Release|Win32.ActiveCfg = Release|Win32
		{D6B492E4-591E-405C-8E49-E14B33B2F696}.Release|Win32.Build.0 = Release|Win32
		{D6B492E4-591E-405C-8E49-E14B33B2F696}.Release|x64.ActiveCfg = Release|x64
		{D6B492E4-591E-405C-8E49-E14B33B2F696}.Release|x64.Build.0 = Release|x64
	EndGlobalSection
	GlobalSection(SolutionProperties) = preSolution
		HideSolutionNode = FALSE
	EndGlobalSection
EndGlobal
